
Microsoft Visual Studio Solution File, Format Version 12.00
# Visual Studio Version 16
VisualStudioVersion = 16.0.29609.76
MinimumVisualStudioVersion = 10.0.40219.1
Project("{FAE04EC0-301F-11D3-BF4B-00C04F79EFBC}") = "AdministrativeRegion", "AdministrativeRegion\AdministrativeRegion.csproj", "{2CE1EA86-DEBC-44C6-AF9B-224D6FB8B11B}"
EndProject
Global
	GlobalSection(SolutionConfigurationPlatforms) = preSolution
		Debug|Any CPU = Debug|Any CPU
		Release|Any CPU = Release|Any CPU
	EndGlobalSection
	GlobalSection(ProjectConfigurationPlatforms) = postSolution
		{2CE1EA86-DEBC-44C6-AF9B-224D6FB8B11B}.Debug|Any CPU.ActiveCfg = Debug|Any CPU
		{2CE1EA86-DEBC-44C6-AF9B-224D6FB8B11B}.Debug|Any CPU.Build.0 = Debug|Any CPU
		{2CE1EA86-DEBC-44C6-AF9B-224D6FB8B11B}.Release|Any CPU.ActiveCfg = Release|Any CPU
		{2CE1EA86-DEBC-44C6-AF9B-224D6FB8B11B}.Release|Any CPU.Build.0 = Release|Any CPU
	EndGlobalSection
	GlobalSection(SolutionProperties) = preSolution
		HideSolutionNode = FALSE
	EndGlobalSection
	GlobalSection(ExtensibilityGlobals) = postSolution
		SolutionGuid = {F3D32F5B-0C9B-4372-B0F3-1D0A505A03B9}
	EndGlobalSection
EndGlobal
